// !$*UTF8*$!
{
	archiveVersion = 1;
	classes = {
	};
	objectVersion = 46;
	objects = {

/* Begin PBXBuildFile section */
		68DDB4ED1B2242F80027ABB0 /* main.m in Sources */ = {isa = PBXBuildFile; fileRef = 68DDB4EC1B2242F80027ABB0 /* main.m */; };
		68DDB4F01B2242F80027ABB0 /* AppDelegate.m in Sources */ = {isa = PBXBuildFile; fileRef = 68DDB4EF1B2242F80027ABB0 /* AppDelegate.m */; };
		68DDB4F31B2242F80027ABB0 /* ViewController.m in Sources */ = {isa = PBXBuildFile; fileRef = 68DDB4F21B2242F80027ABB0 /* ViewController.m */; };
		68DDB4F61B2242F80027ABB0 /* Main.storyboard in Resources */ = {isa = PBXBuildFile; fileRef = 68DDB4F41B2242F80027ABB0 /* Main.storyboard */; };
		68DDB4F81B2242F80027ABB0 /* Images.xcassets in Resources */ = {isa = PBXBuildFile; fileRef = 68DDB4F71B2242F80027ABB0 /* Images.xcassets */; };
		68DDB4FB1B2242F80027ABB0 /* LaunchScreen.xib in Resources */ = {isa = PBXBuildFile; fileRef = 68DDB4F91B2242F80027ABB0 /* LaunchScreen.xib */; };
		68DDB5071B2242F80027ABB0 /* PPTests.m in Sources */ = {isa = PBXBuildFile; fileRef = 68DDB5061B2242F80027ABB0 /* PPTests.m */; };
		68DDB51C1B2243200027ABB0 /* libPayPalMPL.a in Frameworks */ = {isa = PBXBuildFile; fileRef = 68DDB5111B2243200027ABB0 /* libPayPalMPL.a */; };
		68DDB51E1B2243620027ABB0 /* libxml2.dylib in Frameworks */ = {isa = PBXBuildFile; fileRef = 68DDB51D1B2243620027ABB0 /* libxml2.dylib */; };
		68DDB5201B2243790027ABB0 /* libz.dylib in Frameworks */ = {isa = PBXBuildFile; fileRef = 68DDB51F1B2243790027ABB0 /* libz.dylib */; };
		68DDB5411B2615E30027ABB0 /* Info.plist in Resources */ = {isa = PBXBuildFile; fileRef = 68DDB5401B2615E30027ABB0 /* Info.plist */; };
		68DDB5441B2615F70027ABB0 /* InfoPlist.strings in Resources */ = {isa = PBXBuildFile; fileRef = 68DDB5421B2615F70027ABB0 /* InfoPlist.strings */; };
/* End PBXBuildFile section */

/* Begin PBXContainerItemProxy section */
		68DDB5011B2242F80027ABB0 /* PBXContainerItemProxy */ = {
			isa = PBXContainerItemProxy;
			containerPortal = 68DDB4DF1B2242F80027ABB0 /* Project object */;
			proxyType = 1;
			remoteGlobalIDString = 68DDB4E61B2242F80027ABB0;
			remoteInfo = PP;
		};
/* End PBXContainerItemProxy section */

/* Begin PBXFileReference section */
		68DDB4E71B2242F80027ABB0 /* PP.app */ = {isa = PBXFileReference; explicitFileType = wrapper.application; includeInIndex = 0; path = PP.app; sourceTree = BUILT_PRODUCTS_DIR; };
		68DDB4EC1B2242F80027ABB0 /* main.m */ = {isa = PBXFileReference; lastKnownFileType = sourcecode.c.objc; path = main.m; sourceTree = "<group>"; };
		68DDB4EE1B2242F80027ABB0 /* AppDelegate.h */ = {isa = PBXFileReference; lastKnownFileType = sourcecode.c.h; path = AppDelegate.h; sourceTree = "<group>"; };
		68DDB4EF1B2242F80027ABB0 /* AppDelegate.m */ = {isa = PBXFileReference; lastKnownFileType = sourcecode.c.objc; path = AppDelegate.m; sourceTree = "<group>"; };
		68DDB4F11B2242F80027ABB0 /* ViewController.h */ = {isa = PBXFileReference; lastKnownFileType = sourcecode.c.h; path = ViewController.h; sourceTree = "<group>"; };
		68DDB4F21B2242F80027ABB0 /* ViewController.m */ = {isa = PBXFileReference; lastKnownFileType = sourcecode.c.objc; path = ViewController.m; sourceTree = "<group>"; };
		68DDB4F51B2242F80027ABB0 /* Base */ = {isa = PBXFileReference; lastKnownFileType = file.storyboard; name = Base; path = Base.lproj/Main.storyboard; sourceTree = "<group>"; };
		68DDB4F71B2242F80027ABB0 /* Images.xcassets */ = {isa = PBXFileReference; lastKnownFileType = folder.assetcatalog; path = Images.xcassets; sourceTree = "<group>"; };
		68DDB4FA1B2242F80027ABB0 /* Base */ = {isa = PBXFileReference; lastKnownFileType = file.xib; name = Base; path = Base.lproj/LaunchScreen.xib; sourceTree = "<group>"; };
		68DDB5001B2242F80027ABB0 /* PPTests.xctest */ = {isa = PBXFileReference; explicitFileType = wrapper.cfbundle; includeInIndex = 0; path = PPTests.xctest; sourceTree = BUILT_PRODUCTS_DIR; };
		68DDB5051B2242F80027ABB0 /* Info.plist */ = {isa = PBXFileReference; lastKnownFileType = text.plist.xml; path = Info.plist; sourceTree = "<group>"; };
		68DDB5061B2242F80027ABB0 /* PPTests.m */ = {isa = PBXFileReference; lastKnownFileType = sourcecode.c.objc; path = PPTests.m; sourceTree = "<group>"; };
		68DDB5111B2243200027ABB0 /* libPayPalMPL.a */ = {isa = PBXFileReference; lastKnownFileType = archive.ar; path = libPayPalMPL.a; sourceTree = "<group>"; };
		68DDB5121B2243200027ABB0 /* PayPal.h */ = {isa = PBXFileReference; fileEncoding = 4; lastKnownFileType = sourcecode.c.h; path = PayPal.h; sourceTree = "<group>"; };
		68DDB5131B2243200027ABB0 /* PayPalAddress.h */ = {isa = PBXFileReference; fileEncoding = 4; lastKnownFileType = sourcecode.c.h; path = PayPalAddress.h; sourceTree = "<group>"; };
		68DDB5141B2243200027ABB0 /* PayPalAdvancedPayment.h */ = {isa = PBXFileReference; fileEncoding = 4; lastKnownFileType = sourcecode.c.h; path = PayPalAdvancedPayment.h; sourceTree = "<group>"; };
		68DDB5151B2243200027ABB0 /* PayPalAmounts.h */ = {isa = PBXFileReference; fileEncoding = 4; lastKnownFileType = sourcecode.c.h; path = PayPalAmounts.h; sourceTree = "<group>"; };
		68DDB5161B2243200027ABB0 /* PayPalInvoiceData.h */ = {isa = PBXFileReference; fileEncoding = 4; lastKnownFileType = sourcecode.c.h; path = PayPalInvoiceData.h; sourceTree = "<group>"; };
		68DDB5171B2243200027ABB0 /* PayPalInvoiceItem.h */ = {isa = PBXFileReference; fileEncoding = 4; lastKnownFileType = sourcecode.c.h; path = PayPalInvoiceItem.h; sourceTree = "<group>"; };
		68DDB5181B2243200027ABB0 /* PayPalPayment.h */ = {isa = PBXFileReference; fileEncoding = 4; lastKnownFileType = sourcecode.c.h; path = PayPalPayment.h; sourceTree = "<group>"; };
		68DDB5191B2243200027ABB0 /* PayPalPreapprovalDetails.h */ = {isa = PBXFileReference; fileEncoding = 4; lastKnownFileType = sourcecode.c.h; path = PayPalPreapprovalDetails.h; sourceTree = "<group>"; };
		68DDB51A1B2243200027ABB0 /* PayPalReceiverAmounts.h */ = {isa = PBXFileReference; fileEncoding = 4; lastKnownFileType = sourcecode.c.h; path = PayPalReceiverAmounts.h; sourceTree = "<group>"; };
		68DDB51B1B2243200027ABB0 /* PayPalReceiverPaymentDetails.h */ = {isa = PBXFileReference; fileEncoding = 4; lastKnownFileType = sourcecode.c.h; path = PayPalReceiverPaymentDetails.h; sourceTree = "<group>"; };
		68DDB51D1B2243620027ABB0 /* libxml2.dylib */ = {isa = PBXFileReference; lastKnownFileType = "compiled.mach-o.dylib"; name = libxml2.dylib; path = usr/lib/libxml2.dylib; sourceTree = SDKROOT; };
		68DDB51F1B2243790027ABB0 /* libz.dylib */ = {isa = PBXFileReference; lastKnownFileType = "compiled.mach-o.dylib"; name = libz.dylib; path = usr/lib/libz.dylib; sourceTree = SDKROOT; };
		68DDB5401B2615E30027ABB0 /* Info.plist */ = {isa = PBXFileReference; fileEncoding = 4; lastKnownFileType = text.plist.xml; path = Info.plist; sourceTree = "<group>"; };
		68DDB5431B2615F70027ABB0 /* en */ = {isa = PBXFileReference; lastKnownFileType = text.plist.strings; name = en; path = en.lproj/InfoPlist.strings; sourceTree = "<group>"; };
		68DDB5451B2616050027ABB0 /* fr */ = {isa = PBXFileReference; lastKnownFileType = text.plist.strings; name = fr; path = fr.lproj/InfoPlist.strings; sourceTree = "<group>"; };
/* End PBXFileReference section */

/* Begin PBXFrameworksBuildPhase section */
		68DDB4E41B2242F80027ABB0 /* Frameworks */ = {
			isa = PBXFrameworksBuildPhase;
			buildActionMask = 2147483647;
			files = (
				68DDB5201B2243790027ABB0 /* libz.dylib in Frameworks */,
				68DDB51E1B2243620027ABB0 /* libxml2.dylib in Frameworks */,
				68DDB51C1B2243200027ABB0 /* libPayPalMPL.a in Frameworks */,
			);
			runOnlyForDeploymentPostprocessing = 0;
		};
		68DDB4FD1B2242F80027ABB0 /* Frameworks */ = {
			isa = PBXFrameworksBuildPhase;
			buildActionMask = 2147483647;
			files = (
			);
			runOnlyForDeploymentPostprocessing = 0;
		};
/* End PBXFrameworksBuildPhase section */

/* Begin PBXGroup section */
		68DDB4DE1B2242F80027ABB0 = {
			isa = PBXGroup;
			children = (
				68DDB51F1B2243790027ABB0 /* libz.dylib */,
				68DDB51D1B2243620027ABB0 /* libxml2.dylib */,
				68DDB4E91B2242F80027ABB0 /* PP */,
				68DDB5031B2242F80027ABB0 /* PPTests */,
				68DDB4E81B2242F80027ABB0 /* Products */,
			);
			sourceTree = "<group>";
		};
		68DDB4E81B2242F80027ABB0 /* Products */ = {
			isa = PBXGroup;
			children = (
				68DDB4E71B2242F80027ABB0 /* PP.app */,
				68DDB5001B2242F80027ABB0 /* PPTests.xctest */,
			);
			name = Products;
			sourceTree = "<group>";
		};
		68DDB4E91B2242F80027ABB0 /* PP */ = {
			isa = PBXGroup;
			children = (
				68DDB4EE1B2242F80027ABB0 /* AppDelegate.h */,
				68DDB4EF1B2242F80027ABB0 /* AppDelegate.m */,
				68DDB4F11B2242F80027ABB0 /* ViewController.h */,
				68DDB4F21B2242F80027ABB0 /* ViewController.m */,
				68DDB4F41B2242F80027ABB0 /* Main.storyboard */,
				68DDB4F71B2242F80027ABB0 /* Images.xcassets */,
				68DDB4F91B2242F80027ABB0 /* LaunchScreen.xib */,
				68DDB5101B2243200027ABB0 /* Library */,
				68DDB4EA1B2242F80027ABB0 /* Supporting Files */,
			);
			path = PP;
			sourceTree = "<group>";
		};
		68DDB4EA1B2242F80027ABB0 /* Supporting Files */ = {
			isa = PBXGroup;
			children = (
				68DDB5421B2615F70027ABB0 /* InfoPlist.strings */,
				68DDB5401B2615E30027ABB0 /* Info.plist */,
				68DDB4EC1B2242F80027ABB0 /* main.m */,
			);
			name = "Supporting Files";
			sourceTree = "<group>";
		};
		68DDB5031B2242F80027ABB0 /* PPTests */ = {
			isa = PBXGroup;
			children = (
				68DDB5061B2242F80027ABB0 /* PPTests.m */,
				68DDB5041B2242F80027ABB0 /* Supporting Files */,
			);
			path = PPTests;
			sourceTree = "<group>";
		};
		68DDB5041B2242F80027ABB0 /* Supporting Files */ = {
			isa = PBXGroup;
			children = (
				68DDB5051B2242F80027ABB0 /* Info.plist */,
			);
			name = "Supporting Files";
			sourceTree = "<group>";
		};
		68DDB5101B2243200027ABB0 /* Library */ = {
			isa = PBXGroup;
			children = (
				68DDB5111B2243200027ABB0 /* libPayPalMPL.a */,
				68DDB5121B2243200027ABB0 /* PayPal.h */,
				68DDB5131B2243200027ABB0 /* PayPalAddress.h */,
				68DDB5141B2243200027ABB0 /* PayPalAdvancedPayment.h */,
				68DDB5151B2243200027ABB0 /* PayPalAmounts.h */,
				68DDB5161B2243200027ABB0 /* PayPalInvoiceData.h */,
				68DDB5171B2243200027ABB0 /* PayPalInvoiceItem.h */,
				68DDB5181B2243200027ABB0 /* PayPalPayment.h */,
				68DDB5191B2243200027ABB0 /* PayPalPreapprovalDetails.h */,
				68DDB51A1B2243200027ABB0 /* PayPalReceiverAmounts.h */,
				68DDB51B1B2243200027ABB0 /* PayPalReceiverPaymentDetails.h */,
			);
			path = Library;
			sourceTree = "<group>";
		};
/* End PBXGroup section */

/* Begin PBXNativeTarget section */
		68DDB4E61B2242F80027ABB0 /* PP */ = {
			isa = PBXNativeTarget;
			buildConfigurationList = 68DDB50A1B2242F80027ABB0 /* Build configuration list for PBXNativeTarget "PP" */;
			buildPhases = (
				68DDB4E31B2242F80027ABB0 /* Sources */,
				68DDB4E41B2242F80027ABB0 /* Frameworks */,
				68DDB4E51B2242F80027ABB0 /* Resources */,
			);
			buildRules = (
			);
			dependencies = (
			);
			name = PP;
			productName = PP;
			productReference = 68DDB4E71B2242F80027ABB0 /* PP.app */;
			productType = "com.apple.product-type.application";
		};
		68DDB4FF1B2242F80027ABB0 /* PPTests */ = {
			isa = PBXNativeTarget;
			buildConfigurationList = 68DDB50D1B2242F80027ABB0 /* Build configuration list for PBXNativeTarget "PPTests" */;
			buildPhases = (
				68DDB4FC1B2242F80027ABB0 /* Sources */,
				68DDB4FD1B2242F80027ABB0 /* Frameworks */,
				68DDB4FE1B2242F80027ABB0 /* Resources */,
			);
			buildRules = (
			);
			dependencies = (
				68DDB5021B2242F80027ABB0 /* PBXTargetDependency */,
			);
			name = PPTests;
			productName = PPTests;
			productReference = 68DDB5001B2242F80027ABB0 /* PPTests.xctest */;
			productType = "com.apple.product-type.bundle.unit-test";
		};
/* End PBXNativeTarget section */

/* Begin PBXProject section */
		68DDB4DF1B2242F80027ABB0 /* Project object */ = {
			isa = PBXProject;
			attributes = {
				LastUpgradeCheck = 0630;
				ORGANIZATIONNAME = Trader;
				TargetAttributes = {
					68DDB4E61B2242F80027ABB0 = {
						CreatedOnToolsVersion = 6.3.2;
					};
					68DDB4FF1B2242F80027ABB0 = {
						CreatedOnToolsVersion = 6.3.2;
						TestTargetID = 68DDB4E61B2242F80027ABB0;
					};
				};
			};
			buildConfigurationList = 68DDB4E21B2242F80027ABB0 /* Build configuration list for PBXProject "PP" */;
			compatibilityVersion = "Xcode 3.2";
			developmentRegion = English;
			hasScannedForEncodings = 0;
			knownRegions = (
				en,
				Base,
				fr,
			);
			mainGroup = 68DDB4DE1B2242F80027ABB0;
			productRefGroup = 68DDB4E81B2242F80027ABB0 /* Products */;
			projectDirPath = "";
			projectRoot = "";
			targets = (
				68DDB4E61B2242F80027ABB0 /* PP */,
				68DDB4FF1B2242F80027ABB0 /* PPTests */,
			);
		};
/* End PBXProject section */

/* Begin PBXResourcesBuildPhase section */
		68DDB4E51B2242F80027ABB0 /* Resources */ = {
			isa = PBXResourcesBuildPhase;
			buildActionMask = 2147483647;
			files = (
				68DDB5411B2615E30027ABB0 /* Info.plist in Resources */,
				68DDB4F61B2242F80027ABB0 /* Main.storyboard in Resources */,
				68DDB4FB1B2242F80027ABB0 /* LaunchScreen.xib in Resources */,
				68DDB4F81B2242F80027ABB0 /* Images.xcassets in Resources */,
				68DDB5441B2615F70027ABB0 /* InfoPlist.strings in Resources */,
			);
			runOnlyForDeploymentPostprocessing = 0;
		};
		68DDB4FE1B2242F80027ABB0 /* Resources */ = {
			isa = PBXResourcesBuildPhase;
			buildActionMask = 2147483647;
			files = (
			);
			runOnlyForDeploymentPostprocessing = 0;
		};
/* End PBXResourcesBuildPhase section */

/* Begin PBXSourcesBuildPhase section */
		68DDB4E31B2242F80027ABB0 /* Sources */ = {
			isa = PBXSourcesBuildPhase;
			buildActionMask = 2147483647;
			files = (
				68DDB4F31B2242F80027ABB0 /* ViewController.m in Sources */,
				68DDB4F01B2242F80027ABB0 /* AppDelegate.m in Sources */,
				68DDB4ED1B2242F80027ABB0 /* main.m in Sources */,
			);
			runOnlyForDeploymentPostprocessing = 0;
		};
		68DDB4FC1B2242F80027ABB0 /* Sources */ = {
			isa = PBXSourcesBuildPhase;
			buildActionMask = 2147483647;
			files = (
				68DDB5071B2242F80027ABB0 /* PPTests.m in Sources */,
			);
			runOnlyForDeploymentPostprocessing = 0;
		};
/* End PBXSourcesBuildPhase section */

/* Begin PBXTargetDependency section */
		68DDB5021B2242F80027ABB0 /* PBXTargetDependency */ = {
			isa = PBXTargetDependency;
			target = 68DDB4E61B2242F80027ABB0 /* PP */;
			targetProxy = 68DDB5011B2242F80027ABB0 /* PBXContainerItemProxy */;
		};
/* End PBXTargetDependency section */

/* Begin PBXVariantGroup section */
		68DDB4F41B2242F80027ABB0 /* Main.storyboard */ = {
			isa = PBXVariantGroup;
			children = (
				68DDB4F51B2242F80027ABB0 /* Base */,
			);
			name = Main.storyboard;
			sourceTree = "<group>";
		};
		68DDB4F91B2242F80027ABB0 /* LaunchScreen.xib */ = {
			isa = PBXVariantGroup;
			children = (
				68DDB4FA1B2242F80027ABB0 /* Base */,
			);
			name = LaunchScreen.xib;
			sourceTree = "<group>";
		};
		68DDB5421B2615F70027ABB0 /* InfoPlist.strings */ = {
			isa = PBXVariantGroup;
			children = (
				68DDB5431B2615F70027ABB0 /* en */,
				68DDB5451B2616050027ABB0 /* fr */,
			);
			name = InfoPlist.strings;
			sourceTree = "<group>";
		};
/* End PBXVariantGroup section */

/* Begin XCBuildConfiguration section */
		68DDB5081B2242F80027ABB0 /* Debug */ = {
			isa = XCBuildConfiguration;
			buildSettings = {
				ALWAYS_SEARCH_USER_PATHS = NO;
				CLANG_CXX_LANGUAGE_STANDARD = "gnu++0x";
				CLANG_CXX_LIBRARY = "libc++";
				CLANG_ENABLE_MODULES = YES;
				CLANG_ENABLE_OBJC_ARC = YES;
				CLANG_WARN_BOOL_CONVERSION = YES;
				CLANG_WARN_CONSTANT_CONVERSION = YES;
				CLANG_WARN_DIRECT_OBJC_ISA_USAGE = YES_ERROR;
				CLANG_WARN_EMPTY_BODY = YES;
				CLANG_WARN_ENUM_CONVERSION = YES;
				CLANG_WARN_INT_CONVERSION = YES;
				CLANG_WARN_OBJC_ROOT_CLASS = YES_ERROR;
				CLANG_WARN_UNREACHABLE_CODE = YES;
				CLANG_WARN__DUPLICATE_METHOD_MATCH = YES;
				"CODE_SIGN_IDENTITY[sdk=iphoneos*]" = "iPhone Developer";
				COPY_PHASE_STRIP = NO;
				DEBUG_INFORMATION_FORMAT = "dwarf-with-dsym";
				ENABLE_STRICT_OBJC_MSGSEND = YES;
				GCC_C_LANGUAGE_STANDARD = gnu99;
				GCC_DYNAMIC_NO_PIC = NO;
				GCC_NO_COMMON_BLOCKS = YES;
				GCC_OPTIMIZATION_LEVEL = 0;
				GCC_PREPROCESSOR_DEFINITIONS = (
					"DEBUG=1",
					"$(inherited)",
				);
				GCC_SYMBOLS_PRIVATE_EXTERN = NO;
				GCC_WARN_64_TO_32_BIT_CONVERSION = YES;
				GCC_WARN_ABOUT_RETURN_TYPE = YES_ERROR;
				GCC_WARN_UNDECLARED_SELECTOR = YES;
				GCC_WARN_UNINITIALIZED_AUTOS = YES_AGGRESSIVE;
				GCC_WARN_UNUSED_FUNCTION = YES;
				GCC_WARN_UNUSED_VARIABLE = YES;
				IPHONEOS_DEPLOYMENT_TARGET = 8.3;
				MTL_ENABLE_DEBUG_INFO = YES;
				ONLY_ACTIVE_ARCH = YES;
				SDKROOT = iphoneos;
			};
			name = Debug;
		};
		68DDB5091B2242F80027ABB0 /* Release */ = {
			isa = XCBuildConfiguration;
			buildSettings = {
				ALWAYS_SEARCH_USER_PATHS = NO;
				CLANG_CXX_LANGUAGE_STANDARD = "gnu++0x";
				CLANG_CXX_LIBRARY = "libc++";
				CLANG_ENABLE_MODULES = YES;
				CLANG_ENABLE_OBJC_ARC = YES;
				CLANG_WARN_BOOL_CONVERSION = YES;
				CLANG_WARN_CONSTANT_CONVERSION = YES;
				CLANG_WARN_DIRECT_OBJC_ISA_USAGE = YES_ERROR;
				CLANG_WARN_EMPTY_BODY = YES;
				CLANG_WARN_ENUM_CONVERSION = YES;
				CLANG_WARN_INT_CONVERSION = YES;
				CLANG_WARN_OBJC_ROOT_CLASS = YES_ERROR;
				CLANG_WARN_UNREACHABLE_CODE = YES;
				CLANG_WARN__DUPLICATE_METHOD_MATCH = YES;
				"CODE_SIGN_IDENTITY[sdk=iphoneos*]" = "iPhone Developer";
				COPY_PHASE_STRIP = NO;
				DEBUG_INFORMATION_FORMAT = "dwarf-with-dsym";
				ENABLE_NS_ASSERTIONS = NO;
				ENABLE_STRICT_OBJC_MSGSEND = YES;
				GCC_C_LANGUAGE_STANDARD = gnu99;
				GCC_NO_COMMON_BLOCKS = YES;
				GCC_WARN_64_TO_32_BIT_CONVERSION = YES;
				GCC_WARN_ABOUT_RETURN_TYPE = YES_ERROR;
				GCC_WARN_UNDECLARED_SELECTOR = YES;
				GCC_WARN_UNINITIALIZED_AUTOS = YES_AGGRESSIVE;
				GCC_WARN_UNUSED_FUNCTION = YES;
				GCC_WARN_UNUSED_VARIABLE = YES;
				IPHONEOS_DEPLOYMENT_TARGET = 8.3;
				MTL_ENABLE_DEBUG_INFO = NO;
				SDKROOT = iphoneos;
				VALIDATE_PRODUCT = YES;
			};
			name = Release;
		};
		68DDB50B1B2242F80027ABB0 /* Debug */ = {
			isa = XCBuildConfiguration;
			buildSettings = {
				ASSETCATALOG_COMPILER_APPICON_NAME = AppIcon;
				INFOPLIST_FILE = PP/Info.plist;
				LD_RUNPATH_SEARCH_PATHS = "$(inherited) @executable_path/Frameworks";
				LIBRARY_SEARCH_PATHS = (
					"$(inherited)",
					"$(PROJECT_DIR)/PP/Library",
				);
				PRODUCT_NAME = "$(TARGET_NAME)";
			};
			name = Debug;
		};
		68DDB50C1B2242F80027ABB0 /* Release */ = {
			isa = XCBuildConfiguration;
			buildSettings = {
				ASSETCATALOG_COMPILER_APPICON_NAME = AppIcon;
				INFOPLIST_FILE = PP/Info.plist;
				LD_RUNPATH_SEARCH_PATHS = "$(inherited) @executable_path/Frameworks";
				LIBRARY_SEARCH_PATHS = (
					"$(inherited)",
					"$(PROJECT_DIR)/PP/Library",
				);
				PRODUCT_NAME = "$(TARGET_NAME)";
			};
			name = Release;
		};
		68DDB50E1B2242F80027ABB0 /* Debug */ = {
			isa = XCBuildConfiguration;
			buildSettings = {
				BUNDLE_LOADER = "$(TEST_HOST)";
				FRAMEWORK_SEARCH_PATHS = (
					"$(SDKROOT)/Developer/Library/Frameworks",
					"$(inherited)",
				);
				GCC_PREPROCESSOR_DEFINITIONS = (
					"DEBUG=1",
					"$(inherited)",
				);
				INFOPLIST_FILE = PPTests/Info.plist;
				LD_RUNPATH_SEARCH_PATHS = "$(inherited) @executable_path/Frameworks @loader_path/Frameworks";
				PRODUCT_NAME = "$(TARGET_NAME)";
				TEST_HOST = "$(BUILT_PRODUCTS_DIR)/PP.app/PP";
			};
			name = Debug;
		};
		68DDB50F1B2242F80027ABB0 /* Release */ = {
			isa = XCBuildConfiguration;
			buildSettings = {
				BUNDLE_LOADER = "$(TEST_HOST)";
				FRAMEWORK_SEARCH_PATHS = (
					"$(SDKROOT)/Developer/Library/Frameworks",
					"$(inherited)",
				);
				INFOPLIST_FILE = PPTests/Info.plist;
				LD_RUNPATH_SEARCH_PATHS = "$(inherited) @executable_path/Frameworks @loader_path/Frameworks";
				PRODUCT_NAME = "$(TARGET_NAME)";
				TEST_HOST = "$(BUILT_PRODUCTS_DIR)/PP.app/PP";
			};
			name = Release;
		};
/* End XCBuildConfiguration section */

/* Begin XCConfigurationList section */
		68DDB4E21B2242F80027ABB0 /* Build configuration list for PBXProject "PP" */ = {
			isa = XCConfigurationList;
			buildConfigurations = (
				68DDB5081B2242F80027ABB0 /* Debug */,
				68DDB5091B2242F80027ABB0 /* Release */,
			);
			defaultConfigurationIsVisible = 0;
			defaultConfigurationName = Release;
		};
		68DDB50A1B2242F80027ABB0 /* Build configuration list for PBXNativeTarget "PP" */ = {
			isa = XCConfigurationList;
			buildConfigurations = (
				68DDB50B1B2242F80027ABB0 /* Debug */,
				68DDB50C1B2242F80027ABB0 /* Release */,
			);
			defaultConfigurationIsVisible = 0;
			defaultConfigurationName = Release;
		};
		68DDB50D1B2242F80027ABB0 /* Build configuration list for PBXNativeTarget "PPTests" */ = {
			isa = XCConfigurationList;
			buildConfigurations = (
				68DDB50E1B2242F80027ABB0 /* Debug */,
				68DDB50F1B2242F80027ABB0 /* Release */,
			);
			defaultConfigurationIsVisible = 0;
			defaultConfigurationName = Release;
		};
/* End XCConfigurationList section */
	};
	rootObject = 68DDB4DF1B2242F80027ABB0 /* Project object */;
}
